// !$*UTF8*$!
{
	archiveVersion = 1;
	classes = {
	};
	objectVersion = 46;
	objects = {

/* Begin PBXBuildFile section */
		C2403D641C9536B3003FB20B /* AppDelegate.m in Sources */ = {isa = PBXBuildFile; fileRef = C2403D631C9536B3003FB20B /* AppDelegate.m */; };
		C2403D671C9536B3003FB20B /* main.m in Sources */ = {isa = PBXBuildFile; fileRef = C2403D661C9536B3003FB20B /* main.m */; };
		C2403D691C9536B3003FB20B /* Assets.xcassets in Resources */ = {isa = PBXBuildFile; fileRef = C2403D681C9536B3003FB20B /* Assets.xcassets */; };
		C2403D6C1C9536B3003FB20B /* MainMenu.xib in Resources */ = {isa = PBXBuildFile; fileRef = C2403D6A1C9536B3003FB20B /* MainMenu.xib */; };
/* End PBXBuildFile section */

/* Begin PBXFileReference section */
		C2403D5F1C9536B3003FB20B /* NSUserDefaultesObserverDemo.app */ = {isa = PBXFileReference; explicitFileType = wrapper.application; includeInIndex = 0; path = NSUserDefaultesObserverDemo.app; sourceTree = BUILT_PRODUCTS_DIR; };
		C2403D621C9536B3003FB20B /* AppDelegate.h */ = {isa = PBXFileReference; lastKnownFileType = sourcecode.c.h; path = AppDelegate.h; sourceTree = "<group>"; };
		C2403D631C9536B3003FB20B /* AppDelegate.m */ = {isa = PBXFileReference; lastKnownFileType = sourcecode.c.objc; path = AppDelegate.m; sourceTree = "<group>"; };
		C2403D661C9536B3003FB20B /* main.m */ = {isa = PBXFileReference; lastKnownFileType = sourcecode.c.objc; path = main.m; sourceTree = "<group>"; };
		C2403D681C9536B3003FB20B /* Assets.xcassets */ = {isa = PBXFileReference; lastKnownFileType = folder.assetcatalog; path = Assets.xcassets; sourceTree = "<group>"; };
		C2403D6B1C9536B3003FB20B /* Base */ = {isa = PBXFileReference; lastKnownFileType = file.xib; name = Base; path = Base.lproj/MainMenu.xib; sourceTree = "<group>"; };
		C2403D6D1C9536B3003FB20B /* Info.plist */ = {isa = PBXFileReference; lastKnownFileType = text.plist.xml; path = Info.plist; sourceTree = "<group>"; };
		C2403D731C9536D0003FB20B /* NSUserDefaultesObserverDemo.entitlements */ = {isa = PBXFileReference; lastKnownFileType = text.xml; path = NSUserDefaultesObserverDemo.entitlements; sourceTree = "<group>"; };
/* End PBXFileReference section */

/* Begin PBXFrameworksBuildPhase section */
		C2403D5C1C9536B3003FB20B /* Frameworks */ = {
			isa = PBXFrameworksBuildPhase;
			buildActionMask = 2147483647;
			files = (
			);
			runOnlyForDeploymentPostprocessing = 0;
		};
/* End PBXFrameworksBuildPhase section */

/* Begin PBXGroup section */
		C2403D561C9536B3003FB20B = {
			isa = PBXGroup;
			children = (
				C2403D611C9536B3003FB20B /* NSUserDefaultesObserverDemo */,
				C2403D601C9536B3003FB20B /* Products */,
			);
			sourceTree = "<group>";
		};
		C2403D601C9536B3003FB20B /* Products */ = {
			isa = PBXGroup;
			children = (
				C2403D5F1C9536B3003FB20B /* NSUserDefaultesObserverDemo.app */,
			);
			name = Products;
			sourceTree = "<group>";
		};
		C2403D611C9536B3003FB20B /* NSUserDefaultesObserverDemo */ = {
			isa = PBXGroup;
			children = (
				C2403D731C9536D0003FB20B /* NSUserDefaultesObserverDemo.entitlements */,
				C2403D621C9536B3003FB20B /* AppDelegate.h */,
				C2403D631C9536B3003FB20B /* AppDelegate.m */,
				C2403D681C9536B3003FB20B /* Assets.xcassets */,
				C2403D6A1C9536B3003FB20B /* MainMenu.xib */,
				C2403D6D1C9536B3003FB20B /* Info.plist */,
				C2403D651C9536B3003FB20B /* Supporting Files */,
			);
			path = NSUserDefaultesObserverDemo;
			sourceTree = "<group>";
		};
		C2403D651C9536B3003FB20B /* Supporting Files */ = {
			isa = PBXGroup;
			children = (
				C2403D661C9536B3003FB20B /* main.m */,
			);
			name = "Supporting Files";
			sourceTree = "<group>";
		};
/* End PBXGroup section */

/* Begin PBXNativeTarget section */
		C2403D5E1C9536B3003FB20B /* NSUserDefaultesObserverDemo */ = {
			isa = PBXNativeTarget;
			buildConfigurationList = C2403D701C9536B3003FB20B /* Build configuration list for PBXNativeTarget "NSUserDefaultesObserverDemo" */;
			buildPhases = (
				C2403D5B1C9536B3003FB20B /* Sources */,
				C2403D5C1C9536B3003FB20B /* Frameworks */,
				C2403D5D1C9536B3003FB20B /* Resources */,
			);
			buildRules = (
			);
			dependencies = (
			);
			name = NSUserDefaultesObserverDemo;
			productName = NSUserDefaultesObserverDemo;
			productReference = C2403D5F1C9536B3003FB20B /* NSUserDefaultesObserverDemo.app */;
			productType = "com.apple.product-type.application";
		};
/* End PBXNativeTarget section */

/* Begin PBXProject section */
		C2403D571C9536B3003FB20B /* Project object */ = {
			isa = PBXProject;
			attributes = {
				LastUpgradeCheck = 0720;
				ORGANIZATIONNAME = sjaiwl;
				TargetAttributes = {
					C2403D5E1C9536B3003FB20B = {
						CreatedOnToolsVersion = 7.2.1;
						DevelopmentTeam = 294Y5DQCE6;
						SystemCapabilities = {
							com.apple.ApplicationGroups.Mac = {
								enabled = 1;
							};
							com.apple.Sandbox = {
								enabled = 1;
							};
						};
					};
				};
			};
			buildConfigurationList = C2403D5A1C9536B3003FB20B /* Build configuration list for PBXProject "NSUserDefaultesObserverDemo" */;
			compatibilityVersion = "Xcode 3.2";
			developmentRegion = English;
			hasScannedForEncodings = 0;
			knownRegions = (
				en,
				Base,
			);
			mainGroup = C2403D561C9536B3003FB20B;
			productRefGroup = C2403D601C9536B3003FB20B /* Products */;
			projectDirPath = "";
			projectRoot = "";
			targets = (
				C2403D5E1C9536B3003FB20B /* NSUserDefaultesObserverDemo */,
			);
		};
/* End PBXProject section */

/* Begin PBXResourcesBuildPhase section */
		C2403D5D1C9536B3003FB20B /* Resources */ = {
			isa = PBXResourcesBuildPhase;
			buildActionMask = 2147483647;
			files = (
				C2403D691C9536B3003FB20B /* Assets.xcassets in Resources */,
				C2403D6C1C9536B3003FB20B /* MainMenu.xib in Resources */,
			);
			runOnlyForDeploymentPostprocessing = 0;
		};
/* End PBXResourcesBuildPhase section */

/* Begin PBXSourcesBuildPhase section */
		C2403D5B1C9536B3003FB20B /* Sources */ = {
			isa = PBXSourcesBuildPhase;
			buildActionMask = 2147483647;
			files = (
				C2403D671C9536B3003FB20B /* main.m in Sources */,
				C2403D641C9536B3003FB20B /* AppDelegate.m in Sources */,
			);
			runOnlyForDeploymentPostprocessing = 0;
		};
/* End PBXSourcesBuildPhase section */

/* Begin PBXVariantGroup section */
		C2403D6A1C9536B3003FB20B /* MainMenu.xib */ = {
			isa = PBXVariantGroup;
			children = (
				C2403D6B1C9536B3003FB20B /* Base */,
			);
			name = MainMenu.xib;
			sourceTree = "<group>";
		};
/* End PBXVariantGroup section */

/* Begin XCBuildConfiguration section */
		C2403D6E1C9536B3003FB20B /* Debug */ = {
			isa = XCBuildConfiguration;
			buildSettings = {
				ALWAYS_SEARCH_USER_PATHS = NO;
				CLANG_CXX_LANGUAGE_STANDARD = "gnu++0x";
				CLANG_CXX_LIBRARY = "libc++";
				CLANG_ENABLE_MODULES = YES;
				CLANG_ENABLE_OBJC_ARC = YES;
				CLANG_WARN_BOOL_CONVERSION = YES;
				CLANG_WARN_CONSTANT_CONVERSION = YES;
				CLANG_WARN_DIRECT_OBJC_ISA_USAGE = YES_ERROR;
				CLANG_WARN_EMPTY_BODY = YES;
				CLANG_WARN_ENUM_CONVERSION = YES;
				CLANG_WARN_INT_CONVERSION = YES;
				CLANG_WARN_OBJC_ROOT_CLASS = YES_ERROR;
				CLANG_WARN_UNREACHABLE_CODE = YES;
				CLANG_WARN__DUPLICATE_METHOD_MATCH = YES;
				CODE_SIGN_IDENTITY = "-";
				COPY_PHASE_STRIP = NO;
				DEBUG_INFORMATION_FORMAT = dwarf;
				ENABLE_STRICT_OBJC_MSGSEND = YES;
				ENABLE_TESTABILITY = YES;
				GCC_C_LANGUAGE_STANDARD = gnu99;
				GCC_DYNAMIC_NO_PIC = NO;
				GCC_NO_COMMON_BLOCKS = YES;
				GCC_OPTIMIZATION_LEVEL = 0;
				GCC_PREPROCESSOR_DEFINITIONS = (
					"DEBUG=1",
					"$(inherited)",
				);
				GCC_WARN_64_TO_32_BIT_CONVERSION = YES;
				GCC_WARN_ABOUT_RETURN_TYPE = YES_ERROR;
				GCC_WARN_UNDECLARED_SELECTOR = YES;
				GCC_WARN_UNINITIALIZED_AUTOS = YES_AGGRESSIVE;
				GCC_WARN_UNUSED_FUNCTION = YES;
				GCC_WARN_UNUSED_VARIABLE = YES;
				MACOSX_DEPLOYMENT_TARGET = 10.11;
				MTL_ENABLE_DEBUG_INFO = YES;
				ONLY_ACTIVE_ARCH = YES;
				SDKROOT = macosx;
			};
			name = Debug;
		};
		C2403D6F1C9536B3003FB20B /* Release */ = {
			isa = XCBuildConfiguration;
			buildSettings = {
				ALWAYS_SEARCH_USER_PATHS = NO;
				CLANG_CXX_LANGUAGE_STANDARD = "gnu++0x";
				CLANG_CXX_LIBRARY = "libc++";
				CLANG_ENABLE_MODULES = YES;
				CLANG_ENABLE_OBJC_ARC = YES;
				CLANG_WARN_BOOL_CONVERSION = YES;
				CLANG_WARN_CONSTANT_CONVERSION = YES;
				CLANG_WARN_DIRECT_OBJC_ISA_USAGE = YES_ERROR;
				CLANG_WARN_EMPTY_BODY = YES;
				CLANG_WARN_ENUM_CONVERSION = YES;
				CLANG_WARN_INT_CONVERSION = YES;
				CLANG_WARN_OBJC_ROOT_CLASS = YES_ERROR;
				CLANG_WARN_UNREACHABLE_CODE = YES;
				CLANG_WARN__DUPLICATE_METHOD_MATCH = YES;
				CODE_SIGN_IDENTITY = "-";
				COPY_PHASE_STRIP = NO;
				DEBUG_INFORMATION_FORMAT = "dwarf-with-dsym";
				ENABLE_NS_ASSERTIONS = NO;
				ENABLE_STRICT_OBJC_MSGSEND = YES;
				GCC_C_LANGUAGE_STANDARD = gnu99;
				GCC_NO_COMMON_BLOCKS = YES;
				GCC_WARN_64_TO_32_BIT_CONVERSION = YES;
				GCC_WARN_ABOUT_RETURN_TYPE = YES_ERROR;
				GCC_WARN_UNDECLARED_SELECTOR = YES;
				GCC_WARN_UNINITIALIZED_AUTOS = YES_AGGRESSIVE;
				GCC_WARN_UNUSED_FUNCTION = YES;
				GCC_WARN_UNUSED_VARIABLE = YES;
				MACOSX_DEPLOYMENT_TARGET = 10.11;
				MTL_ENABLE_DEBUG_INFO = NO;
				SDKROOT = macosx;
			};
			name = Release;
		};
		C2403D711C9536B3003FB20B /* Debug */ = {
			isa = XCBuildConfiguration;
			buildSettings = {
				ASSETCATALOG_COMPILER_APPICON_NAME = AppIcon;
				CODE_SIGN_ENTITLEMENTS = NSUserDefaultesObserverDemo/NSUserDefaultesObserverDemo.entitlements;
				COMBINE_HIDPI_IMAGES = YES;
				INFOPLIST_FILE = NSUserDefaultesObserverDemo/Info.plist;
				LD_RUNPATH_SEARCH_PATHS = "$(inherited) @executable_path/../Frameworks";
				PRODUCT_BUNDLE_IDENTIFIER = com.sjaiwl.NSUserDefaultesObserverDemo;
				PRODUCT_NAME = "$(TARGET_NAME)";
			};
			name = Debug;
		};
		C2403D721C9536B3003FB20B /* Release */ = {
			isa = XCBuildConfiguration;
			buildSettings = {
				ASSETCATALOG_COMPILER_APPICON_NAME = AppIcon;
				CODE_SIGN_ENTITLEMENTS = NSUserDefaultesObserverDemo/NSUserDefaultesObserverDemo.entitlements;
				COMBINE_HIDPI_IMAGES = YES;
				INFOPLIST_FILE = NSUserDefaultesObserverDemo/Info.plist;
				LD_RUNPATH_SEARCH_PATHS = "$(inherited) @executable_path/../Frameworks";
				PRODUCT_BUNDLE_IDENTIFIER = com.sjaiwl.NSUserDefaultesObserverDemo;
				PRODUCT_NAME = "$(TARGET_NAME)";
			};
			name = Release;
		};
/* End XCBuildConfiguration section */

/* Begin XCConfigurationList section */
		C2403D5A1C9536B3003FB20B /* Build configuration list for PBXProject "NSUserDefaultesObserverDemo" */ = {
			isa = XCConfigurationList;
			buildConfigurations = (
				C2403D6E1C9536B3003FB20B /* Debug */,
				C2403D6F1C9536B3003FB20B /* Release */,
			);
			defaultConfigurationIsVisible = 0;
			defaultConfigurationName = Release;
		};
		C2403D701C9536B3003FB20B /* Build configuration list for PBXNativeTarget "NSUserDefaultesObserverDemo" */ = {
			isa = XCConfigurationList;
			buildConfigurations = (
				C2403D711C9536B3003FB20B /* Debug */,
				C2403D721C9536B3003FB20B /* Release */,
			);
			defaultConfigurationIsVisible = 0;
		};
/* End XCConfigurationList section */
	};
	rootObject = C2403D571C9536B3003FB20B /* Project object */;
}
